
Microsoft Visual Studio Solution File, Format Version 12.00
# Visual Studio Version 17
VisualStudioVersion = 17.9.34607.119
MinimumVisualStudioVersion = 10.0.40219.1
Project("{FAE04EC0-301F-11D3-BF4B-00C04F79EFBC}") = "ISPp-1-22_Yuritsyna", "ISPp-1-22_Yuritsyna.csproj", "{9C0649A5-34B4-450A-B5C6-3B16A616AE2B}"
EndProject
Global
	GlobalSection(SolutionConfigurationPlatforms) = preSolution
		Debug|Any CPU = Debug|Any CPU
		Release|Any CPU = Release|Any CPU
	EndGlobalSection
	GlobalSection(ProjectConfigurationPlatforms) = postSolution
		{9C0649A5-34B4-450A-B5C6-3B16A616AE2B}.Debug|Any CPU.ActiveCfg = Debug|Any CPU
		{9C0649A5-34B4-450A-B5C6-3B16A616AE2B}.Debug|Any CPU.Build.0 = Debug|Any CPU
		{9C0649A5-34B4-450A-B5C6-3B16A616AE2B}.Release|Any CPU.ActiveCfg = Release|Any CPU
		{9C0649A5-34B4-450A-B5C6-3B16A616AE2B}.Release|Any CPU.Build.0 = Release|Any CPU
	EndGlobalSection
	GlobalSection(SolutionProperties) = preSolution
		HideSolutionNode = FALSE
	EndGlobalSection
	GlobalSection(ExtensibilityGlobals) = postSolution
		SolutionGuid = {8D343BB3-8E2E-4FF2-8CF2-8CED881DF79D}
	EndGlobalSection
EndGlobal
